
Microsoft Visual Studio Solution File, Format Version 12.00
# Visual Studio 15
VisualStudioVersion = 15.0.28307.106
MinimumVisualStudioVersion = 10.0.40219.1
Project("{888888A0-9F3D-457C-B088-3A5042F75D52}") = "TemaOOP2", "TemaOOP2.pyproj", "{AA8C89DB-9314-4B65-B1D4-45870DFC86B5}"
EndProject
Global
	GlobalSection(SolutionConfigurationPlatforms) = preSolution
		Debug|Any CPU = Debug|Any CPU
		Release|Any CPU = Release|Any CPU
	EndGlobalSection
	GlobalSection(ProjectConfigurationPlatforms) = postSolution
		{AA8C89DB-9314-4B65-B1D4-45870DFC86B5}.Debug|Any CPU.ActiveCfg = Debug|Any CPU
		{AA8C89DB-9314-4B65-B1D4-45870DFC86B5}.Release|Any CPU.ActiveCfg = Release|Any CPU
	EndGlobalSection
	GlobalSection(SolutionProperties) = preSolution
		HideSolutionNode = FALSE
	EndGlobalSection
	GlobalSection(ExtensibilityGlobals) = postSolution
		SolutionGuid = {A1863E7E-EDF5-4347-98ED-8AB8D2217267}
	EndGlobalSection
EndGlobal
