
Microsoft Visual Studio Solution File, Format Version 12.00
# Visual Studio 15
VisualStudioVersion = 15.0.28307.106
MinimumVisualStudioVersion = 10.0.40219.1
Project("{888888A0-9F3D-457C-B088-3A5042F75D52}") = "Tema1-OOP", "Tema1-OOP\Tema1-OOP.pyproj", "{144E63C4-A454-4894-B27B-4C23F69ECEEC}"
EndProject
Global
	GlobalSection(SolutionConfigurationPlatforms) = preSolution
		Debug|Any CPU = Debug|Any CPU
		Release|Any CPU = Release|Any CPU
	EndGlobalSection
	GlobalSection(ProjectConfigurationPlatforms) = postSolution
		{144E63C4-A454-4894-B27B-4C23F69ECEEC}.Debug|Any CPU.ActiveCfg = Debug|Any CPU
		{144E63C4-A454-4894-B27B-4C23F69ECEEC}.Release|Any CPU.ActiveCfg = Release|Any CPU
	EndGlobalSection
	GlobalSection(SolutionProperties) = preSolution
		HideSolutionNode = FALSE
	EndGlobalSection
	GlobalSection(ExtensibilityGlobals) = postSolution
		SolutionGuid = {9BE1A534-265E-434C-BD7A-C5B3157E4F52}
	EndGlobalSection
EndGlobal
